// !$*UTF8*$!
{
	archiveVersion = 1;
	classes = {
	};
	objectVersion = 48;
	objects = {

/* Begin PBXBuildFile section */
		A14B5F7F218A9D1800BA6EFF /* AppDelegate.swift in Sources */ = {isa = PBXBuildFile; fileRef = A14B5F7E218A9D1800BA6EFF /* AppDelegate.swift */; };
		A14B5F84218A9D1800BA6EFF /* Main.storyboard in Resources */ = {isa = PBXBuildFile; fileRef = A14B5F82218A9D1800BA6EFF /* Main.storyboard */; };
		A14B5F86218A9D1800BA6EFF /* Assets.xcassets in Resources */ = {isa = PBXBuildFile; fileRef = A14B5F85218A9D1800BA6EFF /* Assets.xcassets */; };
		A14B5F89218A9D1800BA6EFF /* LaunchScreen.storyboard in Resources */ = {isa = PBXBuildFile; fileRef = A14B5F87218A9D1800BA6EFF /* LaunchScreen.storyboard */; };
		A14B5FA7218AA3CA00BA6EFF /* HomeViewController.swift in Sources */ = {isa = PBXBuildFile; fileRef = A14B5FA6218AA3CA00BA6EFF /* HomeViewController.swift */; };
		A1DA34B6218FE212007C7C5B /* Home.storyboard in Resources */ = {isa = PBXBuildFile; fileRef = A1DA34B4218FE212007C7C5B /* Home.storyboard */; };
		A1DA34B8218FE22F007C7C5B /* Live.storyboard in Resources */ = {isa = PBXBuildFile; fileRef = A1DA34B7218FE22F007C7C5B /* Live.storyboard */; };
		A1DA34BB218FE24A007C7C5B /* Follow.storyboard in Resources */ = {isa = PBXBuildFile; fileRef = A1DA34B9218FE24A007C7C5B /* Follow.storyboard */; };
		A1DA34BD218FE25B007C7C5B /* Profile.storyboard in Resources */ = {isa = PBXBuildFile; fileRef = A1DA34BC218FE25B007C7C5B /* Profile.storyboard */; };
/* End PBXBuildFile section */

/* Begin PBXFileReference section */
		A14B5F7B218A9D1800BA6EFF /* DYZB.app */ = {isa = PBXFileReference; explicitFileType = wrapper.application; includeInIndex = 0; path = DYZB.app; sourceTree = BUILT_PRODUCTS_DIR; };
		A14B5F7E218A9D1800BA6EFF /* AppDelegate.swift */ = {isa = PBXFileReference; lastKnownFileType = sourcecode.swift; path = AppDelegate.swift; sourceTree = "<group>"; };
		A14B5F83218A9D1800BA6EFF /* Base */ = {isa = PBXFileReference; lastKnownFileType = file.storyboard; name = Base; path = Base.lproj/Main.storyboard; sourceTree = "<group>"; };
		A14B5F85218A9D1800BA6EFF /* Assets.xcassets */ = {isa = PBXFileReference; lastKnownFileType = folder.assetcatalog; path = Assets.xcassets; sourceTree = "<group>"; };
		A14B5F88218A9D1800BA6EFF /* Base */ = {isa = PBXFileReference; lastKnownFileType = file.storyboard; name = Base; path = Base.lproj/LaunchScreen.storyboard; sourceTree = "<group>"; };
		A14B5F8A218A9D1800BA6EFF /* Info.plist */ = {isa = PBXFileReference; lastKnownFileType = text.plist.xml; path = Info.plist; sourceTree = "<group>"; };
		A14B5FA6218AA3CA00BA6EFF /* HomeViewController.swift */ = {isa = PBXFileReference; lastKnownFileType = sourcecode.swift; path = HomeViewController.swift; sourceTree = "<group>"; };
		A1DA34B5218FE212007C7C5B /* Base */ = {isa = PBXFileReference; lastKnownFileType = file.storyboard; name = Base; path = DYZB/Classes/Main/Base.lproj/Home.storyboard; sourceTree = "<group>"; };
		A1DA34B7218FE22F007C7C5B /* Live.storyboard */ = {isa = PBXFileReference; fileEncoding = 4; lastKnownFileType = file.storyboard; path = Live.storyboard; sourceTree = "<group>"; };
		A1DA34BA218FE24A007C7C5B /* Base */ = {isa = PBXFileReference; lastKnownFileType = file.storyboard; name = Base; path = DYZB/Classes/Main/Base.lproj/Follow.storyboard; sourceTree = "<group>"; };
		A1DA34BC218FE25B007C7C5B /* Profile.storyboard */ = {isa = PBXFileReference; fileEncoding = 4; lastKnownFileType = file.storyboard; path = Profile.storyboard; sourceTree = "<group>"; };
/* End PBXFileReference section */

/* Begin PBXFrameworksBuildPhase section */
		A14B5F78218A9D1800BA6EFF /* Frameworks */ = {
			isa = PBXFrameworksBuildPhase;
			buildActionMask = 2147483647;
			files = (
			);
			runOnlyForDeploymentPostprocessing = 0;
		};
/* End PBXFrameworksBuildPhase section */

/* Begin PBXGroup section */
		A14B5F72218A9D1800BA6EFF = {
			isa = PBXGroup;
			children = (
				A1DA34BC218FE25B007C7C5B /* Profile.storyboard */,
				A14B5F7D218A9D1800BA6EFF /* DYZB */,
				A14B5F7C218A9D1800BA6EFF /* Products */,
			);
			sourceTree = "<group>";
		};
		A14B5F7C218A9D1800BA6EFF /* Products */ = {
			isa = PBXGroup;
			children = (
				A14B5F7B218A9D1800BA6EFF /* DYZB.app */,
			);
			name = Products;
			sourceTree = "<group>";
		};
		A14B5F7D218A9D1800BA6EFF /* DYZB */ = {
			isa = PBXGroup;
			children = (
				A14B5F7E218A9D1800BA6EFF /* AppDelegate.swift */,
				A14B5F90218A9D9400BA6EFF /* Classes */,
				A14B5F85218A9D1800BA6EFF /* Assets.xcassets */,
				A14B5F87218A9D1800BA6EFF /* LaunchScreen.storyboard */,
				A14B5F8A218A9D1800BA6EFF /* Info.plist */,
			);
			path = DYZB;
			sourceTree = "<group>";
		};
		A14B5F90218A9D9400BA6EFF /* Classes */ = {
			isa = PBXGroup;
			children = (
				A14B5F91218A9D9400BA6EFF /* Follow */,
				A14B5F92218A9D9400BA6EFF /* Home */,
				A14B5F93218A9D9400BA6EFF /* Live */,
				A14B5F94218A9D9400BA6EFF /* Main */,
				A14B5F95218A9D9400BA6EFF /* Profile */,
				A14B5F96218A9D9400BA6EFF /* Tools */,
			);
			path = Classes;
			sourceTree = "<group>";
		};
		A14B5F91218A9D9400BA6EFF /* Follow */ = {
			isa = PBXGroup;
			children = (
				A14B5F99218AA17100BA6EFF /* Controller */,
				A14B5F97218AA17100BA6EFF /* Model */,
				A14B5F98218AA17100BA6EFF /* View */,
			);
			path = Follow;
			sourceTree = "<group>";
		};
		A14B5F92218A9D9400BA6EFF /* Home */ = {
			isa = PBXGroup;
			children = (
				A14B5F9B218AA17A00BA6EFF /* Controller */,
				A14B5F9C218AA17A00BA6EFF /* Model */,
				A14B5F9A218AA17A00BA6EFF /* View */,
			);
			path = Home;
			sourceTree = "<group>";
		};
		A14B5F93218A9D9400BA6EFF /* Live */ = {
			isa = PBXGroup;
			children = (
				A14B5F9D218AA18100BA6EFF /* Controller */,
				A14B5F9E218AA18100BA6EFF /* Model */,
				A14B5F9F218AA18100BA6EFF /* View */,
			);
			path = Live;
			sourceTree = "<group>";
		};
		A14B5F94218A9D9400BA6EFF /* Main */ = {
			isa = PBXGroup;
			children = (
				A14B5F82218A9D1800BA6EFF /* Main.storyboard */,
				A1DA34B4218FE212007C7C5B /* Home.storyboard */,
				A1DA34B7218FE22F007C7C5B /* Live.storyboard */,
				A1DA34B9218FE24A007C7C5B /* Follow.storyboard */,
				A14B5FA0218AA18A00BA6EFF /* Controller */,
				A14B5FA1218AA18A00BA6EFF /* Model */,
				A14B5FA2218AA18A00BA6EFF /* View */,
			);
			path = Main;
			sourceTree = "<group>";
		};
		A14B5F95218A9D9400BA6EFF /* Profile */ = {
			isa = PBXGroup;
			children = (
				A14B5FA3218AA19000BA6EFF /* Controller */,
				A14B5FA4218AA19100BA6EFF /* Model */,
				A14B5FA5218AA19100BA6EFF /* View */,
			);
			path = Profile;
			sourceTree = "<group>";
		};
		A14B5F96218A9D9400BA6EFF /* Tools */ = {
			isa = PBXGroup;
			children = (
			);
			path = Tools;
			sourceTree = "<group>";
		};
		A14B5F97218AA17100BA6EFF /* Model */ = {
			isa = PBXGroup;
			children = (
			);
			path = Model;
			sourceTree = "<group>";
		};
		A14B5F98218AA17100BA6EFF /* View */ = {
			isa = PBXGroup;
			children = (
			);
			path = View;
			sourceTree = "<group>";
		};
		A14B5F99218AA17100BA6EFF /* Controller */ = {
			isa = PBXGroup;
			children = (
			);
			path = Controller;
			sourceTree = "<group>";
		};
		A14B5F9A218AA17A00BA6EFF /* View */ = {
			isa = PBXGroup;
			children = (
			);
			path = View;
			sourceTree = "<group>";
		};
		A14B5F9B218AA17A00BA6EFF /* Controller */ = {
			isa = PBXGroup;
			children = (
				A14B5FA6218AA3CA00BA6EFF /* HomeViewController.swift */,
			);
			path = Controller;
			sourceTree = "<group>";
		};
		A14B5F9C218AA17A00BA6EFF /* Model */ = {
			isa = PBXGroup;
			children = (
			);
			path = Model;
			sourceTree = "<group>";
		};
		A14B5F9D218AA18100BA6EFF /* Controller */ = {
			isa = PBXGroup;
			children = (
			);
			path = Controller;
			sourceTree = "<group>";
		};
		A14B5F9E218AA18100BA6EFF /* Model */ = {
			isa = PBXGroup;
			children = (
			);
			path = Model;
			sourceTree = "<group>";
		};
		A14B5F9F218AA18100BA6EFF /* View */ = {
			isa = PBXGroup;
			children = (
			);
			path = View;
			sourceTree = "<group>";
		};
		A14B5FA0218AA18A00BA6EFF /* Controller */ = {
			isa = PBXGroup;
			children = (
			);
			path = Controller;
			sourceTree = "<group>";
		};
		A14B5FA1218AA18A00BA6EFF /* Model */ = {
			isa = PBXGroup;
			children = (
			);
			path = Model;
			sourceTree = "<group>";
		};
		A14B5FA2218AA18A00BA6EFF /* View */ = {
			isa = PBXGroup;
			children = (
			);
			path = View;
			sourceTree = "<group>";
		};
		A14B5FA3218AA19000BA6EFF /* Controller */ = {
			isa = PBXGroup;
			children = (
			);
			path = Controller;
			sourceTree = "<group>";
		};
		A14B5FA4218AA19100BA6EFF /* Model */ = {
			isa = PBXGroup;
			children = (
			);
			path = Model;
			sourceTree = "<group>";
		};
		A14B5FA5218AA19100BA6EFF /* View */ = {
			isa = PBXGroup;
			children = (
			);
			path = View;
			sourceTree = "<group>";
		};
/* End PBXGroup section */

/* Begin PBXNativeTarget section */
		A14B5F7A218A9D1800BA6EFF /* DYZB */ = {
			isa = PBXNativeTarget;
			buildConfigurationList = A14B5F8D218A9D1800BA6EFF /* Build configuration list for PBXNativeTarget "DYZB" */;
			buildPhases = (
				A14B5F77218A9D1800BA6EFF /* Sources */,
				A14B5F78218A9D1800BA6EFF /* Frameworks */,
				A14B5F79218A9D1800BA6EFF /* Resources */,
			);
			buildRules = (
			);
			dependencies = (
			);
			name = DYZB;
			productName = DYZB;
			productReference = A14B5F7B218A9D1800BA6EFF /* DYZB.app */;
			productType = "com.apple.product-type.application";
		};
/* End PBXNativeTarget section */

/* Begin PBXProject section */
		A14B5F73218A9D1800BA6EFF /* Project object */ = {
			isa = PBXProject;
			attributes = {
				LastSwiftUpdateCheck = 0900;
				LastUpgradeCheck = 0900;
				ORGANIZATIONNAME = "史俊峰";
				TargetAttributes = {
					A14B5F7A218A9D1800BA6EFF = {
						CreatedOnToolsVersion = 9.0;
						ProvisioningStyle = Manual;
					};
				};
			};
			buildConfigurationList = A14B5F76218A9D1800BA6EFF /* Build configuration list for PBXProject "DYZB" */;
			compatibilityVersion = "Xcode 8.0";
			developmentRegion = en;
			hasScannedForEncodings = 0;
			knownRegions = (
				en,
				Base,
			);
			mainGroup = A14B5F72218A9D1800BA6EFF;
			productRefGroup = A14B5F7C218A9D1800BA6EFF /* Products */;
			projectDirPath = "";
			projectRoot = "";
			targets = (
				A14B5F7A218A9D1800BA6EFF /* DYZB */,
			);
		};
/* End PBXProject section */

/* Begin PBXResourcesBuildPhase section */
		A14B5F79218A9D1800BA6EFF /* Resources */ = {
			isa = PBXResourcesBuildPhase;
			buildActionMask = 2147483647;
			files = (
				A14B5F89218A9D1800BA6EFF /* LaunchScreen.storyboard in Resources */,
				A14B5F86218A9D1800BA6EFF /* Assets.xcassets in Resources */,
				A14B5F84218A9D1800BA6EFF /* Main.storyboard in Resources */,
				A1DA34B8218FE22F007C7C5B /* Live.storyboard in Resources */,
				A1DA34B6218FE212007C7C5B /* Home.storyboard in Resources */,
				A1DA34BD218FE25B007C7C5B /* Profile.storyboard in Resources */,
				A1DA34BB218FE24A007C7C5B /* Follow.storyboard in Resources */,
			);
			runOnlyForDeploymentPostprocessing = 0;
		};
/* End PBXResourcesBuildPhase section */

/* Begin PBXSourcesBuildPhase section */
		A14B5F77218A9D1800BA6EFF /* Sources */ = {
			isa = PBXSourcesBuildPhase;
			buildActionMask = 2147483647;
			files = (
				A14B5F7F218A9D1800BA6EFF /* AppDelegate.swift in Sources */,
				A14B5FA7218AA3CA00BA6EFF /* HomeViewController.swift in Sources */,
			);
			runOnlyForDeploymentPostprocessing = 0;
		};
/* End PBXSourcesBuildPhase section */

/* Begin PBXVariantGroup section */
		A14B5F82218A9D1800BA6EFF /* Main.storyboard */ = {
			isa = PBXVariantGroup;
			children = (
				A14B5F83218A9D1800BA6EFF /* Base */,
			);
			name = Main.storyboard;
			sourceTree = "<group>";
		};
		A14B5F87218A9D1800BA6EFF /* LaunchScreen.storyboard */ = {
			isa = PBXVariantGroup;
			children = (
				A14B5F88218A9D1800BA6EFF /* Base */,
			);
			name = LaunchScreen.storyboard;
			sourceTree = "<group>";
		};
		A1DA34B4218FE212007C7C5B /* Home.storyboard */ = {
			isa = PBXVariantGroup;
			children = (
				A1DA34B5218FE212007C7C5B /* Base */,
			);
			name = Home.storyboard;
			sourceTree = "<group>";
		};
		A1DA34B9218FE24A007C7C5B /* Follow.storyboard */ = {
			isa = PBXVariantGroup;
			children = (
				A1DA34BA218FE24A007C7C5B /* Base */,
			);
			name = Follow.storyboard;
			sourceTree = "<group>";
		};
/* End PBXVariantGroup section */

/* Begin XCBuildConfiguration section */
		A14B5F8B218A9D1800BA6EFF /* Debug */ = {
			isa = XCBuildConfiguration;
			buildSettings = {
				ALWAYS_SEARCH_USER_PATHS = NO;
				CLANG_ANALYZER_NONNULL = YES;
				CLANG_ANALYZER_NUMBER_OBJECT_CONVERSION = YES_AGGRESSIVE;
				CLANG_CXX_LANGUAGE_STANDARD = "gnu++14";
				CLANG_CXX_LIBRARY = "libc++";
				CLANG_ENABLE_MODULES = YES;
				CLANG_ENABLE_OBJC_ARC = YES;
				CLANG_WARN_BLOCK_CAPTURE_AUTORELEASING = YES;
				CLANG_WARN_BOOL_CONVERSION = YES;
				CLANG_WARN_COMMA = YES;
				CLANG_WARN_CONSTANT_CONVERSION = YES;
				CLANG_WARN_DIRECT_OBJC_ISA_USAGE = YES_ERROR;
				CLANG_WARN_DOCUMENTATION_COMMENTS = YES;
				CLANG_WARN_EMPTY_BODY = YES;
				CLANG_WARN_ENUM_CONVERSION = YES;
				CLANG_WARN_INFINITE_RECURSION = YES;
				CLANG_WARN_INT_CONVERSION = YES;
				CLANG_WARN_NON_LITERAL_NULL_CONVERSION = YES;
				CLANG_WARN_OBJC_LITERAL_CONVERSION = YES;
				CLANG_WARN_OBJC_ROOT_CLASS = YES_ERROR;
				CLANG_WARN_RANGE_LOOP_ANALYSIS = YES;
				CLANG_WARN_STRICT_PROTOTYPES = YES;
				CLANG_WARN_SUSPICIOUS_MOVE = YES;
				CLANG_WARN_UNGUARDED_AVAILABILITY = YES_AGGRESSIVE;
				CLANG_WARN_UNREACHABLE_CODE = YES;
				CLANG_WARN__DUPLICATE_METHOD_MATCH = YES;
				CODE_SIGN_IDENTITY = "iPhone Developer";
				COPY_PHASE_STRIP = NO;
				DEBUG_INFORMATION_FORMAT = dwarf;
				ENABLE_STRICT_OBJC_MSGSEND = YES;
				ENABLE_TESTABILITY = YES;
				GCC_C_LANGUAGE_STANDARD = gnu11;
				GCC_DYNAMIC_NO_PIC = NO;
				GCC_NO_COMMON_BLOCKS = YES;
				GCC_OPTIMIZATION_LEVEL = 0;
				GCC_PREPROCESSOR_DEFINITIONS = (
					"DEBUG=1",
					"$(inherited)",
				);
				GCC_WARN_64_TO_32_BIT_CONVERSION = YES;
				GCC_WARN_ABOUT_RETURN_TYPE = YES_ERROR;
				GCC_WARN_UNDECLARED_SELECTOR = YES;
				GCC_WARN_UNINITIALIZED_AUTOS = YES_AGGRESSIVE;
				GCC_WARN_UNUSED_FUNCTION = YES;
				GCC_WARN_UNUSED_VARIABLE = YES;
				IPHONEOS_DEPLOYMENT_TARGET = 11.0;
				MTL_ENABLE_DEBUG_INFO = YES;
				ONLY_ACTIVE_ARCH = YES;
				SDKROOT = iphoneos;
				SWIFT_ACTIVE_COMPILATION_CONDITIONS = DEBUG;
				SWIFT_OPTIMIZATION_LEVEL = "-Onone";
			};
			name = Debug;
		};
		A14B5F8C218A9D1800BA6EFF /* Release */ = {
			isa = XCBuildConfiguration;
			buildSettings = {
				ALWAYS_SEARCH_USER_PATHS = NO;
				CLANG_ANALYZER_NONNULL = YES;
				CLANG_ANALYZER_NUMBER_OBJECT_CONVERSION = YES_AGGRESSIVE;
				CLANG_CXX_LANGUAGE_STANDARD = "gnu++14";
				CLANG_CXX_LIBRARY = "libc++";
				CLANG_ENABLE_MODULES = YES;
				CLANG_ENABLE_OBJC_ARC = YES;
				CLANG_WARN_BLOCK_CAPTURE_AUTORELEASING = YES;
				CLANG_WARN_BOOL_CONVERSION = YES;
				CLANG_WARN_COMMA = YES;
				CLANG_WARN_CONSTANT_CONVERSION = YES;
				CLANG_WARN_DIRECT_OBJC_ISA_USAGE = YES_ERROR;
				CLANG_WARN_DOCUMENTATION_COMMENTS = YES;
				CLANG_WARN_EMPTY_BODY = YES;
				CLANG_WARN_ENUM_CONVERSION = YES;
				CLANG_WARN_INFINITE_RECURSION = YES;
				CLANG_WARN_INT_CONVERSION = YES;
				CLANG_WARN_NON_LITERAL_NULL_CONVERSION = YES;
				CLANG_WARN_OBJC_LITERAL_CONVERSION = YES;
				CLANG_WARN_OBJC_ROOT_CLASS = YES_ERROR;
				CLANG_WARN_RANGE_LOOP_ANALYSIS = YES;
				CLANG_WARN_STRICT_PROTOTYPES = YES;
				CLANG_WARN_SUSPICIOUS_MOVE = YES;
				CLANG_WARN_UNGUARDED_AVAILABILITY = YES_AGGRESSIVE;
				CLANG_WARN_UNREACHABLE_CODE = YES;
				CLANG_WARN__DUPLICATE_METHOD_MATCH = YES;
				CODE_SIGN_IDENTITY = "iPhone Developer";
				COPY_PHASE_STRIP = NO;
				DEBUG_INFORMATION_FORMAT = "dwarf-with-dsym";
				ENABLE_NS_ASSERTIONS = NO;
				ENABLE_STRICT_OBJC_MSGSEND = YES;
				GCC_C_LANGUAGE_STANDARD = gnu11;
				GCC_NO_COMMON_BLOCKS = YES;
				GCC_WARN_64_TO_32_BIT_CONVERSION = YES;
				GCC_WARN_ABOUT_RETURN_TYPE = YES_ERROR;
				GCC_WARN_UNDECLARED_SELECTOR = YES;
				GCC_WARN_UNINITIALIZED_AUTOS = YES_AGGRESSIVE;
				GCC_WARN_UNUSED_FUNCTION = YES;
				GCC_WARN_UNUSED_VARIABLE = YES;
				IPHONEOS_DEPLOYMENT_TARGET = 11.0;
				MTL_ENABLE_DEBUG_INFO = NO;
				SDKROOT = iphoneos;
				SWIFT_OPTIMIZATION_LEVEL = "-Owholemodule";
				VALIDATE_PRODUCT = YES;
			};
			name = Release;
		};
		A14B5F8E218A9D1800BA6EFF /* Debug */ = {
			isa = XCBuildConfiguration;
			buildSettings = {
				ASSETCATALOG_COMPILER_APPICON_NAME = AppIcon;
				CODE_SIGN_STYLE = Manual;
				DEVELOPMENT_TEAM = "";
				INFOPLIST_FILE = DYZB/Info.plist;
				LD_RUNPATH_SEARCH_PATHS = "$(inherited) @executable_path/Frameworks";
				PRODUCT_BUNDLE_IDENTIFIER = shijunfeng.DYZB;
				PRODUCT_NAME = "$(TARGET_NAME)";
				PROVISIONING_PROFILE_SPECIFIER = "";
				SWIFT_VERSION = 4.0;
				TARGETED_DEVICE_FAMILY = "1,2";
			};
			name = Debug;
		};
		A14B5F8F218A9D1800BA6EFF /* Release */ = {
			isa = XCBuildConfiguration;
			buildSettings = {
				ASSETCATALOG_COMPILER_APPICON_NAME = AppIcon;
				CODE_SIGN_STYLE = Manual;
				DEVELOPMENT_TEAM = "";
				INFOPLIST_FILE = DYZB/Info.plist;
				LD_RUNPATH_SEARCH_PATHS = "$(inherited) @executable_path/Frameworks";
				PRODUCT_BUNDLE_IDENTIFIER = shijunfeng.DYZB;
				PRODUCT_NAME = "$(TARGET_NAME)";
				PROVISIONING_PROFILE_SPECIFIER = "";
				SWIFT_VERSION = 4.0;
				TARGETED_DEVICE_FAMILY = "1,2";
			};
			name = Release;
		};
/* End XCBuildConfiguration section */

/* Begin XCConfigurationList section */
		A14B5F76218A9D1800BA6EFF /* Build configuration list for PBXProject "DYZB" */ = {
			isa = XCConfigurationList;
			buildConfigurations = (
				A14B5F8B218A9D1800BA6EFF /* Debug */,
				A14B5F8C218A9D1800BA6EFF /* Release */,
			);
			defaultConfigurationIsVisible = 0;
			defaultConfigurationName = Release;
		};
		A14B5F8D218A9D1800BA6EFF /* Build configuration list for PBXNativeTarget "DYZB" */ = {
			isa = XCConfigurationList;
			buildConfigurations = (
				A14B5F8E218A9D1800BA6EFF /* Debug */,
				A14B5F8F218A9D1800BA6EFF /* Release */,
			);
			defaultConfigurationIsVisible = 0;
			defaultConfigurationName = Release;
		};
/* End XCConfigurationList section */
	};
	rootObject = A14B5F73218A9D1800BA6EFF /* Project object */;
}
